{
  "name": "bhasha-quill",
  "version": "1.0.0",
  "lockfileVersion": 1,
  "requires": true,
  "dependencies": {
    "@sanskrit-coders/sanscript": {
      "version": "git+https://github.com/trivedigaurav/sanscript.js.git#e9069c1e8e24774d1bc297fe83a0a98bddceed2b",
      "from": "git+https://github.com/trivedigaurav/sanscript.js.git"
    }
  }
}
